
Microsoft Visual Studio Solution File, Format Version 12.00
# Visual Studio Version 16
VisualStudioVersion = 16.0.31205.134
MinimumVisualStudioVersion = 10.0.40219.1
Project("{8BC9CEB8-8B4A-11D0-8D11-00A0C91BC942}") = "U_CPUID", "U_CPUID\U_CPUID.vcxproj", "{80D03BF0-BD59-45AB-8A5A-CE00C56EC7CC}"
EndProject
Project("{8BC9CEB8-8B4A-11D0-8D11-00A0C91BC942}") = "U_Guestimate", "U_Guestimate\U_Guestimate.vcxproj", "{B84655FD-1280-4D8F-99BD-632F21B91528}"
EndProject
Project("{8BC9CEB8-8B4A-11D0-8D11-00A0C91BC942}") = "U_MSRs", "U_MSRs\U_MSRs.vcxproj", "{1368C9CC-23BC-42A9-917A-6CE7C0BF0007}"
EndProject
Project("{8BC9CEB8-8B4A-11D0-8D11-00A0C91BC942}") = "U_SegRegs", "U_SegRegs\U_SegRegs.vcxproj", "{69951DCD-3C71-49D4-AE6D-6BD43DD3D222}"
EndProject
Project("{8BC9CEB8-8B4A-11D0-8D11-00A0C91BC942}") = "U_SegRegs32", "U_SegRegs32\U_SegRegs32.vcxproj", "{CEF8BC5C-7B58-4099-B628-AF0486A6F984}"
EndProject
Project("{8BC9CEB8-8B4A-11D0-8D11-00A0C91BC942}") = "U_VerboseRedPill", "U_VerboseRedPill\U_VerboseRedPill.vcxproj", "{3F216F96-8EB6-4C40-AC0C-EBD649B5E48E}"
EndProject
Project("{8BC9CEB8-8B4A-11D0-8D11-00A0C91BC942}") = "U_NavelGaze", "U_NavelGaze\U_NavelGaze.vcxproj", "{73442F45-F5E7-4D78-B5F3-044052F51076}"
EndProject
Project("{8BC9CEB8-8B4A-11D0-8D11-00A0C91BC942}") = "U_ProofPudding", "U_ProofPudding\U_ProofPudding.vcxproj", "{8C1C5318-E1DA-484B-9B2F-63338C7C8B5E}"
EndProject
Project("{8BC9CEB8-8B4A-11D0-8D11-00A0C91BC942}") = "U_Scratchpad_asm", "U_Scratchpad_asm\U_Scratchpad_asm.vcxproj", "{E8852185-4F2B-4A1E-844E-77E21B7123EB}"
EndProject
Project("{8BC9CEB8-8B4A-11D0-8D11-00A0C91BC942}") = "K_SegRegs32", "K_SegRegs32\K_SegRegs32.vcxproj", "{F55F61AA-D766-4F4E-9D64-613B742702E3}"
EndProject
Project("{8BC9CEB8-8B4A-11D0-8D11-00A0C91BC942}") = "K_SegRegs", "K_SegRegs\K_SegRegs.vcxproj", "{F819C944-51AC-41D2-A524-8B5FEC1FA558}"
EndProject
Project("{8BC9CEB8-8B4A-11D0-8D11-00A0C91BC942}") = "K_MSRs", "K_MSRs\K_MSRs.vcxproj", "{351034FF-0E8D-4554-B26D-1A802E697B0D}"
EndProject
Project("{8BC9CEB8-8B4A-11D0-8D11-00A0C91BC942}") = "KmdfHelloWorld", "KmdfHelloWorld\KmdfHelloWorld.vcxproj", "{1FA48A03-4663-4B16-A898-8A54F17DFF69}"
EndProject
Project("{8BC9CEB8-8B4A-11D0-8D11-00A0C91BC942}") = "K_CMOS_PortIO", "K_CMOS_PortIO\K_CMOS_PortIO.vcxproj", "{D96A29D9-636C-40C9-A9FA-87B5018BDA4D}"
EndProject
Project("{8BC9CEB8-8B4A-11D0-8D11-00A0C91BC942}") = "K_VMware_PortIO", "K_VMware_PortIO\K_VMware_PortIO.vcxproj", "{C55C9C59-50E2-4169-9F7C-CBA9DAC56BD3}"
EndProject
Global
	GlobalSection(SolutionConfigurationPlatforms) = preSolution
		Debug|ARM = Debug|ARM
		Debug|ARM64 = Debug|ARM64
		Debug|x64 = Debug|x64
		Debug|x86 = Debug|x86
		Release|ARM = Release|ARM
		Release|ARM64 = Release|ARM64
		Release|x64 = Release|x64
		Release|x86 = Release|x86
	EndGlobalSection
	GlobalSection(ProjectConfigurationPlatforms) = postSolution
		{80D03BF0-BD59-45AB-8A5A-CE00C56EC7CC}.Debug|ARM.ActiveCfg = Debug|Win32
		{80D03BF0-BD59-45AB-8A5A-CE00C56EC7CC}.Debug|ARM64.ActiveCfg = Debug|Win32
		{80D03BF0-BD59-45AB-8A5A-CE00C56EC7CC}.Debug|x64.ActiveCfg = Debug|x64
		{80D03BF0-BD59-45AB-8A5A-CE00C56EC7CC}.Debug|x64.Build.0 = Debug|x64
		{80D03BF0-BD59-45AB-8A5A-CE00C56EC7CC}.Debug|x86.ActiveCfg = Debug|Win32
		{80D03BF0-BD59-45AB-8A5A-CE00C56EC7CC}.Debug|x86.Build.0 = Debug|Win32
		{80D03BF0-BD59-45AB-8A5A-CE00C56EC7CC}.Release|ARM.ActiveCfg = Release|Win32
		{80D03BF0-BD59-45AB-8A5A-CE00C56EC7CC}.Release|ARM64.ActiveCfg = Release|Win32
		{80D03BF0-BD59-45AB-8A5A-CE00C56EC7CC}.Release|x64.ActiveCfg = Release|x64
		{80D03BF0-BD59-45AB-8A5A-CE00C56EC7CC}.Release|x64.Build.0 = Release|x64
		{80D03BF0-BD59-45AB-8A5A-CE00C56EC7CC}.Release|x86.ActiveCfg = Release|Win32
		{80D03BF0-BD59-45AB-8A5A-CE00C56EC7CC}.Release|x86.Build.0 = Release|Win32
		{B84655FD-1280-4D8F-99BD-632F21B91528}.Debug|ARM.ActiveCfg = Debug|Win32
		{B84655FD-1280-4D8F-99BD-632F21B91528}.Debug|ARM64.ActiveCfg = Debug|Win32
		{B84655FD-1280-4D8F-99BD-632F21B91528}.Debug|x64.ActiveCfg = Debug|x64
		{B84655FD-1280-4D8F-99BD-632F21B91528}.Debug|x64.Build.0 = Debug|x64
		{B84655FD-1280-4D8F-99BD-632F21B91528}.Debug|x86.ActiveCfg = Debug|Win32
		{B84655FD-1280-4D8F-99BD-632F21B91528}.Debug|x86.Build.0 = Debug|Win32
		{B84655FD-1280-4D8F-99BD-632F21B91528}.Release|ARM.ActiveCfg = Release|Win32
		{B84655FD-1280-4D8F-99BD-632F21B91528}.Release|ARM64.ActiveCfg = Release|Win32
		{B84655FD-1280-4D8F-99BD-632F21B91528}.Release|x64.ActiveCfg = Release|x64
		{B84655FD-1280-4D8F-99BD-632F21B91528}.Release|x64.Build.0 = Release|x64
		{B84655FD-1280-4D8F-99BD-632F21B91528}.Release|x86.ActiveCfg = Release|Win32
		{B84655FD-1280-4D8F-99BD-632F21B91528}.Release|x86.Build.0 = Release|Win32
		{1368C9CC-23BC-42A9-917A-6CE7C0BF0007}.Debug|ARM.ActiveCfg = Debug|Win32
		{1368C9CC-23BC-42A9-917A-6CE7C0BF0007}.Debug|ARM64.ActiveCfg = Debug|Win32
		{1368C9CC-23BC-42A9-917A-6CE7C0BF0007}.Debug|x64.ActiveCfg = Debug|x64
		{1368C9CC-23BC-42A9-917A-6CE7C0BF0007}.Debug|x64.Build.0 = Debug|x64
		{1368C9CC-23BC-42A9-917A-6CE7C0BF0007}.Debug|x86.ActiveCfg = Debug|Win32
		{1368C9CC-23BC-42A9-917A-6CE7C0BF0007}.Debug|x86.Build.0 = Debug|Win32
		{1368C9CC-23BC-42A9-917A-6CE7C0BF0007}.Release|ARM.ActiveCfg = Release|Win32
		{1368C9CC-23BC-42A9-917A-6CE7C0BF0007}.Release|ARM64.ActiveCfg = Release|Win32
		{1368C9CC-23BC-42A9-917A-6CE7C0BF0007}.Release|x64.ActiveCfg = Release|x64
		{1368C9CC-23BC-42A9-917A-6CE7C0BF0007}.Release|x64.Build.0 = Release|x64
		{1368C9CC-23BC-42A9-917A-6CE7C0BF0007}.Release|x86.ActiveCfg = Release|Win32
		{1368C9CC-23BC-42A9-917A-6CE7C0BF0007}.Release|x86.Build.0 = Release|Win32
		{69951DCD-3C71-49D4-AE6D-6BD43DD3D222}.Debug|ARM.ActiveCfg = Debug|Win32
		{69951DCD-3C71-49D4-AE6D-6BD43DD3D222}.Debug|ARM64.ActiveCfg = Debug|Win32
		{69951DCD-3C71-49D4-AE6D-6BD43DD3D222}.Debug|x64.ActiveCfg = Debug|x64
		{69951DCD-3C71-49D4-AE6D-6BD43DD3D222}.Debug|x64.Build.0 = Debug|x64
		{69951DCD-3C71-49D4-AE6D-6BD43DD3D222}.Debug|x86.ActiveCfg = Debug|Win32
		{69951DCD-3C71-49D4-AE6D-6BD43DD3D222}.Debug|x86.Build.0 = Debug|Win32
		{69951DCD-3C71-49D4-AE6D-6BD43DD3D222}.Release|ARM.ActiveCfg = Release|Win32
		{69951DCD-3C71-49D4-AE6D-6BD43DD3D222}.Release|ARM64.ActiveCfg = Release|Win32
		{69951DCD-3C71-49D4-AE6D-6BD43DD3D222}.Release|x64.ActiveCfg = Release|x64
		{69951DCD-3C71-49D4-AE6D-6BD43DD3D222}.Release|x64.Build.0 = Release|x64
		{69951DCD-3C71-49D4-AE6D-6BD43DD3D222}.Release|x86.ActiveCfg = Release|Win32
		{69951DCD-3C71-49D4-AE6D-6BD43DD3D222}.Release|x86.Build.0 = Release|Win32
		{CEF8BC5C-7B58-4099-B628-AF0486A6F984}.Debug|ARM.ActiveCfg = Debug|Win32
		{CEF8BC5C-7B58-4099-B628-AF0486A6F984}.Debug|ARM64.ActiveCfg = Debug|Win32
		{CEF8BC5C-7B58-4099-B628-AF0486A6F984}.Debug|x64.ActiveCfg = Debug|Win32
		{CEF8BC5C-7B58-4099-B628-AF0486A6F984}.Debug|x64.Build.0 = Debug|Win32
		{CEF8BC5C-7B58-4099-B628-AF0486A6F984}.Debug|x86.ActiveCfg = Debug|Win32
		{CEF8BC5C-7B58-4099-B628-AF0486A6F984}.Debug|x86.Build.0 = Debug|Win32
		{CEF8BC5C-7B58-4099-B628-AF0486A6F984}.Release|ARM.ActiveCfg = Release|Win32
		{CEF8BC5C-7B58-4099-B628-AF0486A6F984}.Release|ARM64.ActiveCfg = Release|Win32
		{CEF8BC5C-7B58-4099-B628-AF0486A6F984}.Release|x64.ActiveCfg = Release|x64
		{CEF8BC5C-7B58-4099-B628-AF0486A6F984}.Release|x64.Build.0 = Release|x64
		{CEF8BC5C-7B58-4099-B628-AF0486A6F984}.Release|x86.ActiveCfg = Release|Win32
		{CEF8BC5C-7B58-4099-B628-AF0486A6F984}.Release|x86.Build.0 = Release|Win32
		{3F216F96-8EB6-4C40-AC0C-EBD649B5E48E}.Debug|ARM.ActiveCfg = Debug|Win32
		{3F216F96-8EB6-4C40-AC0C-EBD649B5E48E}.Debug|ARM64.ActiveCfg = Debug|Win32
		{3F216F96-8EB6-4C40-AC0C-EBD649B5E48E}.Debug|x64.ActiveCfg = Debug|x64
		{3F216F96-8EB6-4C40-AC0C-EBD649B5E48E}.Debug|x64.Build.0 = Debug|x64
		{3F216F96-8EB6-4C40-AC0C-EBD649B5E48E}.Debug|x86.ActiveCfg = Debug|Win32
		{3F216F96-8EB6-4C40-AC0C-EBD649B5E48E}.Debug|x86.Build.0 = Debug|Win32
		{3F216F96-8EB6-4C40-AC0C-EBD649B5E48E}.Release|ARM.ActiveCfg = Release|Win32
		{3F216F96-8EB6-4C40-AC0C-EBD649B5E48E}.Release|ARM64.ActiveCfg = Release|Win32
		{3F216F96-8EB6-4C40-AC0C-EBD649B5E48E}.Release|x64.ActiveCfg = Release|x64
		{3F216F96-8EB6-4C40-AC0C-EBD649B5E48E}.Release|x64.Build.0 = Release|x64
		{3F216F96-8EB6-4C40-AC0C-EBD649B5E48E}.Release|x86.ActiveCfg = Release|Win32
		{3F216F96-8EB6-4C40-AC0C-EBD649B5E48E}.Release|x86.Build.0 = Release|Win32
		{73442F45-F5E7-4D78-B5F3-044052F51076}.Debug|ARM.ActiveCfg = Debug|Win32
		{73442F45-F5E7-4D78-B5F3-044052F51076}.Debug|ARM64.ActiveCfg = Debug|Win32
		{73442F45-F5E7-4D78-B5F3-044052F51076}.Debug|x64.ActiveCfg = Debug|x64
		{73442F45-F5E7-4D78-B5F3-044052F51076}.Debug|x64.Build.0 = Debug|x64
		{73442F45-F5E7-4D78-B5F3-044052F51076}.Debug|x86.ActiveCfg = Debug|Win32
		{73442F45-F5E7-4D78-B5F3-044052F51076}.Debug|x86.Build.0 = Debug|Win32
		{73442F45-F5E7-4D78-B5F3-044052F51076}.Release|ARM.ActiveCfg = Release|Win32
		{73442F45-F5E7-4D78-B5F3-044052F51076}.Release|ARM64.ActiveCfg = Release|Win32
		{73442F45-F5E7-4D78-B5F3-044052F51076}.Release|x64.ActiveCfg = Release|x64
		{73442F45-F5E7-4D78-B5F3-044052F51076}.Release|x64.Build.0 = Release|x64
		{73442F45-F5E7-4D78-B5F3-044052F51076}.Release|x86.ActiveCfg = Release|Win32
		{73442F45-F5E7-4D78-B5F3-044052F51076}.Release|x86.Build.0 = Release|Win32
		{8C1C5318-E1DA-484B-9B2F-63338C7C8B5E}.Debug|ARM.ActiveCfg = Debug|Win32
		{8C1C5318-E1DA-484B-9B2F-63338C7C8B5E}.Debug|ARM64.ActiveCfg = Debug|Win32
		{8C1C5318-E1DA-484B-9B2F-63338C7C8B5E}.Debug|x64.ActiveCfg = Debug|x64
		{8C1C5318-E1DA-484B-9B2F-63338C7C8B5E}.Debug|x64.Build.0 = Debug|x64
		{8C1C5318-E1DA-484B-9B2F-63338C7C8B5E}.Debug|x86.ActiveCfg = Debug|Win32
		{8C1C5318-E1DA-484B-9B2F-63338C7C8B5E}.Debug|x86.Build.0 = Debug|Win32
		{8C1C5318-E1DA-484B-9B2F-63338C7C8B5E}.Release|ARM.ActiveCfg = Release|Win32
		{8C1C5318-E1DA-484B-9B2F-63338C7C8B5E}.Release|ARM64.ActiveCfg = Release|Win32
		{8C1C5318-E1DA-484B-9B2F-63338C7C8B5E}.Release|x64.ActiveCfg = Release|x64
		{8C1C5318-E1DA-484B-9B2F-63338C7C8B5E}.Release|x64.Build.0 = Release|x64
		{8C1C5318-E1DA-484B-9B2F-63338C7C8B5E}.Release|x86.ActiveCfg = Release|Win32
		{8C1C5318-E1DA-484B-9B2F-63338C7C8B5E}.Release|x86.Build.0 = Release|Win32
		{E8852185-4F2B-4A1E-844E-77E21B7123EB}.Debug|ARM.ActiveCfg = Debug|Win32
		{E8852185-4F2B-4A1E-844E-77E21B7123EB}.Debug|ARM64.ActiveCfg = Debug|Win32
		{E8852185-4F2B-4A1E-844E-77E21B7123EB}.Debug|x64.ActiveCfg = Debug|x64
		{E8852185-4F2B-4A1E-844E-77E21B7123EB}.Debug|x64.Build.0 = Debug|x64
		{E8852185-4F2B-4A1E-844E-77E21B7123EB}.Debug|x86.ActiveCfg = Debug|Win32
		{E8852185-4F2B-4A1E-844E-77E21B7123EB}.Debug|x86.Build.0 = Debug|Win32
		{E8852185-4F2B-4A1E-844E-77E21B7123EB}.Release|ARM.ActiveCfg = Release|Win32
		{E8852185-4F2B-4A1E-844E-77E21B7123EB}.Release|ARM64.ActiveCfg = Release|Win32
		{E8852185-4F2B-4A1E-844E-77E21B7123EB}.Release|x64.ActiveCfg = Release|x64
		{E8852185-4F2B-4A1E-844E-77E21B7123EB}.Release|x64.Build.0 = Release|x64
		{E8852185-4F2B-4A1E-844E-77E21B7123EB}.Release|x86.ActiveCfg = Release|Win32
		{E8852185-4F2B-4A1E-844E-77E21B7123EB}.Release|x86.Build.0 = Release|Win32
		{F55F61AA-D766-4F4E-9D64-613B742702E3}.Debug|ARM.ActiveCfg = Debug|ARM
		{F55F61AA-D766-4F4E-9D64-613B742702E3}.Debug|ARM.Build.0 = Debug|ARM
		{F55F61AA-D766-4F4E-9D64-613B742702E3}.Debug|ARM.Deploy.0 = Debug|ARM
		{F55F61AA-D766-4F4E-9D64-613B742702E3}.Debug|ARM64.ActiveCfg = Debug|ARM64
		{F55F61AA-D766-4F4E-9D64-613B742702E3}.Debug|ARM64.Build.0 = Debug|ARM64
		{F55F61AA-D766-4F4E-9D64-613B742702E3}.Debug|ARM64.Deploy.0 = Debug|ARM64
		{F55F61AA-D766-4F4E-9D64-613B742702E3}.Debug|x64.ActiveCfg = Debug|Win32
		{F55F61AA-D766-4F4E-9D64-613B742702E3}.Debug|x64.Build.0 = Debug|Win32
		{F55F61AA-D766-4F4E-9D64-613B742702E3}.Debug|x64.Deploy.0 = Debug|Win32
		{F55F61AA-D766-4F4E-9D64-613B742702E3}.Debug|x86.ActiveCfg = Debug|Win32
		{F55F61AA-D766-4F4E-9D64-613B742702E3}.Debug|x86.Build.0 = Debug|Win32
		{F55F61AA-D766-4F4E-9D64-613B742702E3}.Debug|x86.Deploy.0 = Debug|Win32
		{F55F61AA-D766-4F4E-9D64-613B742702E3}.Release|ARM.ActiveCfg = Release|ARM
		{F55F61AA-D766-4F4E-9D64-613B742702E3}.Release|ARM.Build.0 = Release|ARM
		{F55F61AA-D766-4F4E-9D64-613B742702E3}.Release|ARM.Deploy.0 = Release|ARM
		{F55F61AA-D766-4F4E-9D64-613B742702E3}.Release|ARM64.ActiveCfg = Release|ARM64
		{F55F61AA-D766-4F4E-9D64-613B742702E3}.Release|ARM64.Build.0 = Release|ARM64
		{F55F61AA-D766-4F4E-9D64-613B742702E3}.Release|ARM64.Deploy.0 = Release|ARM64
		{F55F61AA-D766-4F4E-9D64-613B742702E3}.Release|x64.ActiveCfg = Release|x64
		{F55F61AA-D766-4F4E-9D64-613B742702E3}.Release|x64.Build.0 = Release|x64
		{F55F61AA-D766-4F4E-9D64-613B742702E3}.Release|x64.Deploy.0 = Release|x64
		{F55F61AA-D766-4F4E-9D64-613B742702E3}.Release|x86.ActiveCfg = Release|Win32
		{F55F61AA-D766-4F4E-9D64-613B742702E3}.Release|x86.Build.0 = Release|Win32
		{F55F61AA-D766-4F4E-9D64-613B742702E3}.Release|x86.Deploy.0 = Release|Win32
		{F819C944-51AC-41D2-A524-8B5FEC1FA558}.Debug|ARM.ActiveCfg = Debug|ARM
		{F819C944-51AC-41D2-A524-8B5FEC1FA558}.Debug|ARM.Build.0 = Debug|ARM
		{F819C944-51AC-41D2-A524-8B5FEC1FA558}.Debug|ARM.Deploy.0 = Debug|ARM
		{F819C944-51AC-41D2-A524-8B5FEC1FA558}.Debug|ARM64.ActiveCfg = Debug|ARM64
		{F819C944-51AC-41D2-A524-8B5FEC1FA558}.Debug|ARM64.Build.0 = Debug|ARM64
		{F819C944-51AC-41D2-A524-8B5FEC1FA558}.Debug|ARM64.Deploy.0 = Debug|ARM64
		{F819C944-51AC-41D2-A524-8B5FEC1FA558}.Debug|x64.ActiveCfg = Debug|x64
		{F819C944-51AC-41D2-A524-8B5FEC1FA558}.Debug|x64.Build.0 = Debug|x64
		{F819C944-51AC-41D2-A524-8B5FEC1FA558}.Debug|x64.Deploy.0 = Debug|x64
		{F819C944-51AC-41D2-A524-8B5FEC1FA558}.Debug|x86.ActiveCfg = Debug|Win32
		{F819C944-51AC-41D2-A524-8B5FEC1FA558}.Debug|x86.Build.0 = Debug|Win32
		{F819C944-51AC-41D2-A524-8B5FEC1FA558}.Debug|x86.Deploy.0 = Debug|Win32
		{F819C944-51AC-41D2-A524-8B5FEC1FA558}.Release|ARM.ActiveCfg = Release|ARM
		{F819C944-51AC-41D2-A524-8B5FEC1FA558}.Release|ARM.Build.0 = Release|ARM
		{F819C944-51AC-41D2-A524-8B5FEC1FA558}.Release|ARM.Deploy.0 = Release|ARM
		{F819C944-51AC-41D2-A524-8B5FEC1FA558}.Release|ARM64.ActiveCfg = Release|ARM64
		{F819C944-51AC-41D2-A524-8B5FEC1FA558}.Release|ARM64.Build.0 = Release|ARM64
		{F819C944-51AC-41D2-A524-8B5FEC1FA558}.Release|ARM64.Deploy.0 = Release|ARM64
		{F819C944-51AC-41D2-A524-8B5FEC1FA558}.Release|x64.ActiveCfg = Release|x64
		{F819C944-51AC-41D2-A524-8B5FEC1FA558}.Release|x64.Build.0 = Release|x64
		{F819C944-51AC-41D2-A524-8B5FEC1FA558}.Release|x64.Deploy.0 = Release|x64
		{F819C944-51AC-41D2-A524-8B5FEC1FA558}.Release|x86.ActiveCfg = Release|Win32
		{F819C944-51AC-41D2-A524-8B5FEC1FA558}.Release|x86.Build.0 = Release|Win32
		{F819C944-51AC-41D2-A524-8B5FEC1FA558}.Release|x86.Deploy.0 = Release|Win32
		{351034FF-0E8D-4554-B26D-1A802E697B0D}.Debug|ARM.ActiveCfg = Debug|ARM
		{351034FF-0E8D-4554-B26D-1A802E697B0D}.Debug|ARM.Build.0 = Debug|ARM
		{351034FF-0E8D-4554-B26D-1A802E697B0D}.Debug|ARM.Deploy.0 = Debug|ARM
		{351034FF-0E8D-4554-B26D-1A802E697B0D}.Debug|ARM64.ActiveCfg = Debug|ARM64
		{351034FF-0E8D-4554-B26D-1A802E697B0D}.Debug|ARM64.Build.0 = Debug|ARM64
		{351034FF-0E8D-4554-B26D-1A802E697B0D}.Debug|ARM64.Deploy.0 = Debug|ARM64
		{351034FF-0E8D-4554-B26D-1A802E697B0D}.Debug|x64.ActiveCfg = Debug|x64
		{351034FF-0E8D-4554-B26D-1A802E697B0D}.Debug|x64.Build.0 = Debug|x64
		{351034FF-0E8D-4554-B26D-1A802E697B0D}.Debug|x64.Deploy.0 = Debug|x64
		{351034FF-0E8D-4554-B26D-1A802E697B0D}.Debug|x86.ActiveCfg = Debug|Win32
		{351034FF-0E8D-4554-B26D-1A802E697B0D}.Debug|x86.Build.0 = Debug|Win32
		{351034FF-0E8D-4554-B26D-1A802E697B0D}.Debug|x86.Deploy.0 = Debug|Win32
		{351034FF-0E8D-4554-B26D-1A802E697B0D}.Release|ARM.ActiveCfg = Release|ARM
		{351034FF-0E8D-4554-B26D-1A802E697B0D}.Release|ARM.Build.0 = Release|ARM
		{351034FF-0E8D-4554-B26D-1A802E697B0D}.Release|ARM.Deploy.0 = Release|ARM
		{351034FF-0E8D-4554-B26D-1A802E697B0D}.Release|ARM64.ActiveCfg = Release|ARM64
		{351034FF-0E8D-4554-B26D-1A802E697B0D}.Release|ARM64.Build.0 = Release|ARM64
		{351034FF-0E8D-4554-B26D-1A802E697B0D}.Release|ARM64.Deploy.0 = Release|ARM64
		{351034FF-0E8D-4554-B26D-1A802E697B0D}.Release|x64.ActiveCfg = Release|x64
		{351034FF-0E8D-4554-B26D-1A802E697B0D}.Release|x64.Build.0 = Release|x64
		{351034FF-0E8D-4554-B26D-1A802E697B0D}.Release|x64.Deploy.0 = Release|x64
		{351034FF-0E8D-4554-B26D-1A802E697B0D}.Release|x86.ActiveCfg = Release|Win32
		{351034FF-0E8D-4554-B26D-1A802E697B0D}.Release|x86.Build.0 = Release|Win32
		{351034FF-0E8D-4554-B26D-1A802E697B0D}.Release|x86.Deploy.0 = Release|Win32
		{1FA48A03-4663-4B16-A898-8A54F17DFF69}.Debug|ARM.ActiveCfg = Debug|ARM
		{1FA48A03-4663-4B16-A898-8A54F17DFF69}.Debug|ARM.Build.0 = Debug|ARM
		{1FA48A03-4663-4B16-A898-8A54F17DFF69}.Debug|ARM.Deploy.0 = Debug|ARM
		{1FA48A03-4663-4B16-A898-8A54F17DFF69}.Debug|ARM64.ActiveCfg = Debug|ARM64
		{1FA48A03-4663-4B16-A898-8A54F17DFF69}.Debug|ARM64.Build.0 = Debug|ARM64
		{1FA48A03-4663-4B16-A898-8A54F17DFF69}.Debug|ARM64.Deploy.0 = Debug|ARM64
		{1FA48A03-4663-4B16-A898-8A54F17DFF69}.Debug|x64.ActiveCfg = Debug|x64
		{1FA48A03-4663-4B16-A898-8A54F17DFF69}.Debug|x64.Build.0 = Debug|x64
		{1FA48A03-4663-4B16-A898-8A54F17DFF69}.Debug|x64.Deploy.0 = Debug|x64
		{1FA48A03-4663-4B16-A898-8A54F17DFF69}.Debug|x86.ActiveCfg = Debug|Win32
		{1FA48A03-4663-4B16-A898-8A54F17DFF69}.Debug|x86.Build.0 = Debug|Win32
		{1FA48A03-4663-4B16-A898-8A54F17DFF69}.Debug|x86.Deploy.0 = Debug|Win32
		{1FA48A03-4663-4B16-A898-8A54F17DFF69}.Release|ARM.ActiveCfg = Release|ARM
		{1FA48A03-4663-4B16-A898-8A54F17DFF69}.Release|ARM.Build.0 = Release|ARM
		{1FA48A03-4663-4B16-A898-8A54F17DFF69}.Release|ARM.Deploy.0 = Release|ARM
		{1FA48A03-4663-4B16-A898-8A54F17DFF69}.Release|ARM64.ActiveCfg = Release|ARM64
		{1FA48A03-4663-4B16-A898-8A54F17DFF69}.Release|ARM64.Build.0 = Release|ARM64
		{1FA48A03-4663-4B16-A898-8A54F17DFF69}.Release|ARM64.Deploy.0 = Release|ARM64
		{1FA48A03-4663-4B16-A898-8A54F17DFF69}.Release|x64.ActiveCfg = Release|x64
		{1FA48A03-4663-4B16-A898-8A54F17DFF69}.Release|x64.Build.0 = Release|x64
		{1FA48A03-4663-4B16-A898-8A54F17DFF69}.Release|x64.Deploy.0 = Release|x64
		{1FA48A03-4663-4B16-A898-8A54F17DFF69}.Release|x86.ActiveCfg = Release|Win32
		{1FA48A03-4663-4B16-A898-8A54F17DFF69}.Release|x86.Build.0 = Release|Win32
		{1FA48A03-4663-4B16-A898-8A54F17DFF69}.Release|x86.Deploy.0 = Release|Win32
		{D96A29D9-636C-40C9-A9FA-87B5018BDA4D}.Debug|ARM.ActiveCfg = Debug|ARM
		{D96A29D9-636C-40C9-A9FA-87B5018BDA4D}.Debug|ARM.Build.0 = Debug|ARM
		{D96A29D9-636C-40C9-A9FA-87B5018BDA4D}.Debug|ARM.Deploy.0 = Debug|ARM
		{D96A29D9-636C-40C9-A9FA-87B5018BDA4D}.Debug|ARM64.ActiveCfg = Debug|ARM64
		{D96A29D9-636C-40C9-A9FA-87B5018BDA4D}.Debug|ARM64.Build.0 = Debug|ARM64
		{D96A29D9-636C-40C9-A9FA-87B5018BDA4D}.Debug|ARM64.Deploy.0 = Debug|ARM64
		{D96A29D9-636C-40C9-A9FA-87B5018BDA4D}.Debug|x64.ActiveCfg = Debug|x64
		{D96A29D9-636C-40C9-A9FA-87B5018BDA4D}.Debug|x64.Build.0 = Debug|x64
		{D96A29D9-636C-40C9-A9FA-87B5018BDA4D}.Debug|x64.Deploy.0 = Debug|x64
		{D96A29D9-636C-40C9-A9FA-87B5018BDA4D}.Debug|x86.ActiveCfg = Debug|Win32
		{D96A29D9-636C-40C9-A9FA-87B5018BDA4D}.Debug|x86.Build.0 = Debug|Win32
		{D96A29D9-636C-40C9-A9FA-87B5018BDA4D}.Debug|x86.Deploy.0 = Debug|Win32
		{D96A29D9-636C-40C9-A9FA-87B5018BDA4D}.Release|ARM.ActiveCfg = Release|ARM
		{D96A29D9-636C-40C9-A9FA-87B5018BDA4D}.Release|ARM.Build.0 = Release|ARM
		{D96A29D9-636C-40C9-A9FA-87B5018BDA4D}.Release|ARM.Deploy.0 = Release|ARM
		{D96A29D9-636C-40C9-A9FA-87B5018BDA4D}.Release|ARM64.ActiveCfg = Release|ARM64
		{D96A29D9-636C-40C9-A9FA-87B5018BDA4D}.Release|ARM64.Build.0 = Release|ARM64
		{D96A29D9-636C-40C9-A9FA-87B5018BDA4D}.Release|ARM64.Deploy.0 = Release|ARM64
		{D96A29D9-636C-40C9-A9FA-87B5018BDA4D}.Release|x64.ActiveCfg = Release|x64
		{D96A29D9-636C-40C9-A9FA-87B5018BDA4D}.Release|x64.Build.0 = Release|x64
		{D96A29D9-636C-40C9-A9FA-87B5018BDA4D}.Release|x64.Deploy.0 = Release|x64
		{D96A29D9-636C-40C9-A9FA-87B5018BDA4D}.Release|x86.ActiveCfg = Release|Win32
		{D96A29D9-636C-40C9-A9FA-87B5018BDA4D}.Release|x86.Build.0 = Release|Win32
		{D96A29D9-636C-40C9-A9FA-87B5018BDA4D}.Release|x86.Deploy.0 = Release|Win32
		{C55C9C59-50E2-4169-9F7C-CBA9DAC56BD3}.Debug|ARM.ActiveCfg = Debug|ARM
		{C55C9C59-50E2-4169-9F7C-CBA9DAC56BD3}.Debug|ARM.Build.0 = Debug|ARM
		{C55C9C59-50E2-4169-9F7C-CBA9DAC56BD3}.Debug|ARM.Deploy.0 = Debug|ARM
		{C55C9C59-50E2-4169-9F7C-CBA9DAC56BD3}.Debug|ARM64.ActiveCfg = Debug|ARM64
		{C55C9C59-50E2-4169-9F7C-CBA9DAC56BD3}.Debug|ARM64.Build.0 = Debug|ARM64
		{C55C9C59-50E2-4169-9F7C-CBA9DAC56BD3}.Debug|ARM64.Deploy.0 = Debug|ARM64
		{C55C9C59-50E2-4169-9F7C-CBA9DAC56BD3}.Debug|x64.ActiveCfg = Debug|x64
		{C55C9C59-50E2-4169-9F7C-CBA9DAC56BD3}.Debug|x64.Build.0 = Debug|x64
		{C55C9C59-50E2-4169-9F7C-CBA9DAC56BD3}.Debug|x64.Deploy.0 = Debug|x64
		{C55C9C59-50E2-4169-9F7C-CBA9DAC56BD3}.Debug|x86.ActiveCfg = Debug|Win32
		{C55C9C59-50E2-4169-9F7C-CBA9DAC56BD3}.Debug|x86.Build.0 = Debug|Win32
		{C55C9C59-50E2-4169-9F7C-CBA9DAC56BD3}.Debug|x86.Deploy.0 = Debug|Win32
		{C55C9C59-50E2-4169-9F7C-CBA9DAC56BD3}.Release|ARM.ActiveCfg = Release|ARM
		{C55C9C59-50E2-4169-9F7C-CBA9DAC56BD3}.Release|ARM.Build.0 = Release|ARM
		{C55C9C59-50E2-4169-9F7C-CBA9DAC56BD3}.Release|ARM.Deploy.0 = Release|ARM
		{C55C9C59-50E2-4169-9F7C-CBA9DAC56BD3}.Release|ARM64.ActiveCfg = Release|ARM64
		{C55C9C59-50E2-4169-9F7C-CBA9DAC56BD3}.Release|ARM64.Build.0 = Release|ARM64
		{C55C9C59-50E2-4169-9F7C-CBA9DAC56BD3}.Release|ARM64.Deploy.0 = Release|ARM64
		{C55C9C59-50E2-4169-9F7C-CBA9DAC56BD3}.Release|x64.ActiveCfg = Release|x64
		{C55C9C59-50E2-4169-9F7C-CBA9DAC56BD3}.Release|x64.Build.0 = Release|x64
		{C55C9C59-50E2-4169-9F7C-CBA9DAC56BD3}.Release|x64.Deploy.0 = Release|x64
		{C55C9C59-50E2-4169-9F7C-CBA9DAC56BD3}.Release|x86.ActiveCfg = Release|Win32
		{C55C9C59-50E2-4169-9F7C-CBA9DAC56BD3}.Release|x86.Build.0 = Release|Win32
		{C55C9C59-50E2-4169-9F7C-CBA9DAC56BD3}.Release|x86.Deploy.0 = Release|Win32
	EndGlobalSection
	GlobalSection(SolutionProperties) = preSolution
		HideSolutionNode = FALSE
	EndGlobalSection
	GlobalSection(ExtensibilityGlobals) = postSolution
		SolutionGuid = {FF4A4BF9-2D78-4C3A-BBEC-E6CE65140BE1}
	EndGlobalSection
EndGlobal
